
Microsoft Visual Studio Solution File, Format Version 12.00
# Visual Studio Version 16
VisualStudioVersion = 16.0.31025.194
MinimumVisualStudioVersion = 10.0.40219.1
Project("{FAE04EC0-301F-11D3-BF4B-00C04F79EFBC}") = "StartProgramSpecialExe", "StartProgramSpecialExe.csproj", "{8393579D-16B3-473F-BF0A-3119AF53D4CD}"
EndProject
Global
	GlobalSection(SolutionConfigurationPlatforms) = preSolution
		Debug|Any CPU = Debug|Any CPU
		Release|Any CPU = Release|Any CPU
	EndGlobalSection
	GlobalSection(ProjectConfigurationPlatforms) = postSolution
		{8393579D-16B3-473F-BF0A-3119AF53D4CD}.Debug|Any CPU.ActiveCfg = Debug|Any CPU
		{8393579D-16B3-473F-BF0A-3119AF53D4CD}.Debug|Any CPU.Build.0 = Debug|Any CPU
		{8393579D-16B3-473F-BF0A-3119AF53D4CD}.Release|Any CPU.ActiveCfg = Release|Any CPU
		{8393579D-16B3-473F-BF0A-3119AF53D4CD}.Release|Any CPU.Build.0 = Release|Any CPU
	EndGlobalSection
	GlobalSection(SolutionProperties) = preSolution
		HideSolutionNode = FALSE
	EndGlobalSection
	GlobalSection(ExtensibilityGlobals) = postSolution
		SolutionGuid = {741A24DF-8A0E-428F-8075-416BE91DE12D}
	EndGlobalSection
EndGlobal
