
Microsoft Visual Studio Solution File, Format Version 12.00
# Visual Studio Version 16
VisualStudioVersion = 16.0.31025.194
MinimumVisualStudioVersion = 10.0.40219.1
Project("{FAE04EC0-301F-11D3-BF4B-00C04F79EFBC}") = "HelloWorldSpeExe", "HelloWorldSpeExe.csproj", "{B355CAA5-633A-4C65-B608-2FFCEC0DECD7}"
EndProject
Global
	GlobalSection(SolutionConfigurationPlatforms) = preSolution
		Debug|Any CPU = Debug|Any CPU
		Release|Any CPU = Release|Any CPU
	EndGlobalSection
	GlobalSection(ProjectConfigurationPlatforms) = postSolution
		{B355CAA5-633A-4C65-B608-2FFCEC0DECD7}.Debug|Any CPU.ActiveCfg = Debug|Any CPU
		{B355CAA5-633A-4C65-B608-2FFCEC0DECD7}.Debug|Any CPU.Build.0 = Debug|Any CPU
		{B355CAA5-633A-4C65-B608-2FFCEC0DECD7}.Release|Any CPU.ActiveCfg = Release|Any CPU
		{B355CAA5-633A-4C65-B608-2FFCEC0DECD7}.Release|Any CPU.Build.0 = Release|Any CPU
	EndGlobalSection
	GlobalSection(SolutionProperties) = preSolution
		HideSolutionNode = FALSE
	EndGlobalSection
	GlobalSection(ExtensibilityGlobals) = postSolution
		SolutionGuid = {0530D9A7-EF8B-4386-ADB1-9ECE69283717}
	EndGlobalSection
EndGlobal
